
Microsoft Visual Studio Solution File, Format Version 12.00
# Visual Studio 15
VisualStudioVersion = 15.0.28307.168
MinimumVisualStudioVersion = 10.0.40219.1
Project("{FAE04EC0-301F-11D3-BF4B-00C04F79EFBC}") = "ClassLibrary1", "ClassLibrary1\ClassLibrary1.csproj", "{DB61E395-A6F9-4120-9F77-77D3F492DADE}"
EndProject
Project("{FAE04EC0-301F-11D3-BF4B-00C04F79EFBC}") = "WindowsFormsApp1", "WindowsFormsApp1\WindowsFormsApp1.csproj", "{F710D822-8A6D-41C7-BA43-14A29DB86591}"
EndProject
Global
	GlobalSection(SolutionConfigurationPlatforms) = preSolution
		Debug|Any CPU = Debug|Any CPU
		Release|Any CPU = Release|Any CPU
	EndGlobalSection
	GlobalSection(ProjectConfigurationPlatforms) = postSolution
		{DB61E395-A6F9-4120-9F77-77D3F492DADE}.Debug|Any CPU.ActiveCfg = Debug|Any CPU
		{DB61E395-A6F9-4120-9F77-77D3F492DADE}.Debug|Any CPU.Build.0 = Debug|Any CPU
		{DB61E395-A6F9-4120-9F77-77D3F492DADE}.Release|Any CPU.ActiveCfg = Release|Any CPU
		{DB61E395-A6F9-4120-9F77-77D3F492DADE}.Release|Any CPU.Build.0 = Release|Any CPU
		{F710D822-8A6D-41C7-BA43-14A29DB86591}.Debug|Any CPU.ActiveCfg = Debug|Any CPU
		{F710D822-8A6D-41C7-BA43-14A29DB86591}.Debug|Any CPU.Build.0 = Debug|Any CPU
		{F710D822-8A6D-41C7-BA43-14A29DB86591}.Release|Any CPU.ActiveCfg = Release|Any CPU
		{F710D822-8A6D-41C7-BA43-14A29DB86591}.Release|Any CPU.Build.0 = Release|Any CPU
	EndGlobalSection
	GlobalSection(SolutionProperties) = preSolution
		HideSolutionNode = FALSE
	EndGlobalSection
	GlobalSection(ExtensibilityGlobals) = postSolution
		SolutionGuid = {2481C8D4-CD33-47B6-8742-19E6C829EC35}
	EndGlobalSection
EndGlobal
